
Microsoft Visual Studio Solution File, Format Version 12.00
# Visual Studio Version 17
VisualStudioVersion = 17.9.34701.34
MinimumVisualStudioVersion = 10.0.40219.1
Project("{FAE04EC0-301F-11D3-BF4B-00C04F79EFBC}") = "ResumeBuilder.Api", "ResumeBuilder.Api\ResumeBuilder.Api.csproj", "{6E538309-CF14-40EE-8E62-9B52F6FE53E9}"
EndProject
Project("{FAE04EC0-301F-11D3-BF4B-00C04F79EFBC}") = "ResumeBuilder.Application", "ResumeBuilder.Application\ResumeBuilder.Application.csproj", "{B6F9B31F-1E20-409D-9957-208D6A27AE82}"
EndProject
Project("{FAE04EC0-301F-11D3-BF4B-00C04F79EFBC}") = "ResumeBuilder.Domain", "ResumeBuilder.Domain\ResumeBuilder.Domain.csproj", "{0D6EA46F-3CA1-4946-B954-274DA467C735}"
EndProject
Project("{FAE04EC0-301F-11D3-BF4B-00C04F79EFBC}") = "ResumeBuilder.Infrastructure", "ResumeBuilder.Infrastructure\ResumeBuilder.Infrastructure.csproj", "{2AB3F8A8-35E0-432B-BD14-7C48A2316274}"
EndProject
Global
	GlobalSection(SolutionConfigurationPlatforms) = preSolution
		Debug|Any CPU = Debug|Any CPU
		Release|Any CPU = Release|Any CPU
	EndGlobalSection
	GlobalSection(ProjectConfigurationPlatforms) = postSolution
		{6E538309-CF14-40EE-8E62-9B52F6FE53E9}.Debug|Any CPU.ActiveCfg = Debug|Any CPU
		{6E538309-CF14-40EE-8E62-9B52F6FE53E9}.Debug|Any CPU.Build.0 = Debug|Any CPU
		{6E538309-CF14-40EE-8E62-9B52F6FE53E9}.Release|Any CPU.ActiveCfg = Release|Any CPU
		{6E538309-CF14-40EE-8E62-9B52F6FE53E9}.Release|Any CPU.Build.0 = Release|Any CPU
		{B6F9B31F-1E20-409D-9957-208D6A27AE82}.Debug|Any CPU.ActiveCfg = Debug|Any CPU
		{B6F9B31F-1E20-409D-9957-208D6A27AE82}.Debug|Any CPU.Build.0 = Debug|Any CPU
		{B6F9B31F-1E20-409D-9957-208D6A27AE82}.Release|Any CPU.ActiveCfg = Release|Any CPU
		{B6F9B31F-1E20-409D-9957-208D6A27AE82}.Release|Any CPU.Build.0 = Release|Any CPU
		{0D6EA46F-3CA1-4946-B954-274DA467C735}.Debug|Any CPU.ActiveCfg = Debug|Any CPU
		{0D6EA46F-3CA1-4946-B954-274DA467C735}.Debug|Any CPU.Build.0 = Debug|Any CPU
		{0D6EA46F-3CA1-4946-B954-274DA467C735}.Release|Any CPU.ActiveCfg = Release|Any CPU
		{0D6EA46F-3CA1-4946-B954-274DA467C735}.Release|Any CPU.Build.0 = Release|Any CPU
		{2AB3F8A8-35E0-432B-BD14-7C48A2316274}.Debug|Any CPU.ActiveCfg = Debug|Any CPU
		{2AB3F8A8-35E0-432B-BD14-7C48A2316274}.Debug|Any CPU.Build.0 = Debug|Any CPU
		{2AB3F8A8-35E0-432B-BD14-7C48A2316274}.Release|Any CPU.ActiveCfg = Release|Any CPU
		{2AB3F8A8-35E0-432B-BD14-7C48A2316274}.Release|Any CPU.Build.0 = Release|Any CPU
	EndGlobalSection
	GlobalSection(SolutionProperties) = preSolution
		HideSolutionNode = FALSE
	EndGlobalSection
	GlobalSection(ExtensibilityGlobals) = postSolution
		SolutionGuid = {69685B58-88CE-4FE6-B65A-B6561D44B0F4}
	EndGlobalSection
EndGlobal
